// !$*UTF8*$!
{
	archiveVersion = 1;
	classes = {
	};
	objectVersion = 46;
	objects = {

/* Begin PBXBuildFile section */
		D45335521D9ADBEF0043E499 /* AppDelegate.swift in Sources */ = {isa = PBXBuildFile; fileRef = D45335511D9ADBEF0043E499 /* AppDelegate.swift */; };
		D45335541D9ADBEF0043E499 /* ViewController.swift in Sources */ = {isa = PBXBuildFile; fileRef = D45335531D9ADBEF0043E499 /* ViewController.swift */; };
		D45335571D9ADBEF0043E499 /* Main.storyboard in Resources */ = {isa = PBXBuildFile; fileRef = D45335551D9ADBEF0043E499 /* Main.storyboard */; };
		D45335591D9ADBEF0043E499 /* Assets.xcassets in Resources */ = {isa = PBXBuildFile; fileRef = D45335581D9ADBEF0043E499 /* Assets.xcassets */; };
		D453355C1D9ADBEF0043E499 /* LaunchScreen.storyboard in Resources */ = {isa = PBXBuildFile; fileRef = D453355A1D9ADBEF0043E499 /* LaunchScreen.storyboard */; };
		D45335671D9ADBEF0043E499 /* DemoTests.swift in Sources */ = {isa = PBXBuildFile; fileRef = D45335661D9ADBEF0043E499 /* DemoTests.swift */; };
		D45335721D9ADBEF0043E499 /* DemoUITests.swift in Sources */ = {isa = PBXBuildFile; fileRef = D45335711D9ADBEF0043E499 /* DemoUITests.swift */; };
		D45335931D9B016F0043E499 /* BasicAlertController.framework in Frameworks */ = {isa = PBXBuildFile; fileRef = D45335921D9B016F0043E499 /* BasicAlertController.framework */; };
/* End PBXBuildFile section */

/* Begin PBXContainerItemProxy section */
		D45335631D9ADBEF0043E499 /* PBXContainerItemProxy */ = {
			isa = PBXContainerItemProxy;
			containerPortal = D45335461D9ADBEF0043E499 /* Project object */;
			proxyType = 1;
			remoteGlobalIDString = D453354D1D9ADBEF0043E499;
			remoteInfo = Demo;
		};
		D453356E1D9ADBEF0043E499 /* PBXContainerItemProxy */ = {
			isa = PBXContainerItemProxy;
			containerPortal = D45335461D9ADBEF0043E499 /* Project object */;
			proxyType = 1;
			remoteGlobalIDString = D453354D1D9ADBEF0043E499;
			remoteInfo = Demo;
		};
/* End PBXContainerItemProxy section */

/* Begin PBXFileReference section */
		D453354E1D9ADBEF0043E499 /* Demo.app */ = {isa = PBXFileReference; explicitFileType = wrapper.application; includeInIndex = 0; path = Demo.app; sourceTree = BUILT_PRODUCTS_DIR; };
		D45335511D9ADBEF0043E499 /* AppDelegate.swift */ = {isa = PBXFileReference; lastKnownFileType = sourcecode.swift; path = AppDelegate.swift; sourceTree = "<group>"; };
		D45335531D9ADBEF0043E499 /* ViewController.swift */ = {isa = PBXFileReference; lastKnownFileType = sourcecode.swift; path = ViewController.swift; sourceTree = "<group>"; };
		D45335561D9ADBEF0043E499 /* Base */ = {isa = PBXFileReference; lastKnownFileType = file.storyboard; name = Base; path = Base.lproj/Main.storyboard; sourceTree = "<group>"; };
		D45335581D9ADBEF0043E499 /* Assets.xcassets */ = {isa = PBXFileReference; lastKnownFileType = folder.assetcatalog; path = Assets.xcassets; sourceTree = "<group>"; };
		D453355B1D9ADBEF0043E499 /* Base */ = {isa = PBXFileReference; lastKnownFileType = file.storyboard; name = Base; path = Base.lproj/LaunchScreen.storyboard; sourceTree = "<group>"; };
		D453355D1D9ADBEF0043E499 /* Info.plist */ = {isa = PBXFileReference; lastKnownFileType = text.plist.xml; path = Info.plist; sourceTree = "<group>"; };
		D45335621D9ADBEF0043E499 /* DemoTests.xctest */ = {isa = PBXFileReference; explicitFileType = wrapper.cfbundle; includeInIndex = 0; path = DemoTests.xctest; sourceTree = BUILT_PRODUCTS_DIR; };
		D45335661D9ADBEF0043E499 /* DemoTests.swift */ = {isa = PBXFileReference; lastKnownFileType = sourcecode.swift; path = DemoTests.swift; sourceTree = "<group>"; };
		D45335681D9ADBEF0043E499 /* Info.plist */ = {isa = PBXFileReference; lastKnownFileType = text.plist.xml; path = Info.plist; sourceTree = "<group>"; };
		D453356D1D9ADBEF0043E499 /* DemoUITests.xctest */ = {isa = PBXFileReference; explicitFileType = wrapper.cfbundle; includeInIndex = 0; path = DemoUITests.xctest; sourceTree = BUILT_PRODUCTS_DIR; };
		D45335711D9ADBEF0043E499 /* DemoUITests.swift */ = {isa = PBXFileReference; lastKnownFileType = sourcecode.swift; path = DemoUITests.swift; sourceTree = "<group>"; };
		D45335731D9ADBEF0043E499 /* Info.plist */ = {isa = PBXFileReference; lastKnownFileType = text.plist.xml; path = Info.plist; sourceTree = "<group>"; };
		D45335921D9B016F0043E499 /* BasicAlertController.framework */ = {isa = PBXFileReference; lastKnownFileType = wrapper.framework; path = BasicAlertController.framework; sourceTree = "<group>"; };
/* End PBXFileReference section */

/* Begin PBXFrameworksBuildPhase section */
		D453354B1D9ADBEF0043E499 /* Frameworks */ = {
			isa = PBXFrameworksBuildPhase;
			buildActionMask = 2147483647;
			files = (
				D45335931D9B016F0043E499 /* BasicAlertController.framework in Frameworks */,
			);
			runOnlyForDeploymentPostprocessing = 0;
		};
		D453355F1D9ADBEF0043E499 /* Frameworks */ = {
			isa = PBXFrameworksBuildPhase;
			buildActionMask = 2147483647;
			files = (
			);
			runOnlyForDeploymentPostprocessing = 0;
		};
		D453356A1D9ADBEF0043E499 /* Frameworks */ = {
			isa = PBXFrameworksBuildPhase;
			buildActionMask = 2147483647;
			files = (
			);
			runOnlyForDeploymentPostprocessing = 0;
		};
/* End PBXFrameworksBuildPhase section */

/* Begin PBXGroup section */
		D45335451D9ADBEF0043E499 = {
			isa = PBXGroup;
			children = (
				D45335921D9B016F0043E499 /* BasicAlertController.framework */,
				D45335501D9ADBEF0043E499 /* Demo */,
				D45335651D9ADBEF0043E499 /* DemoTests */,
				D45335701D9ADBEF0043E499 /* DemoUITests */,
				D453354F1D9ADBEF0043E499 /* Products */,
			);
			sourceTree = "<group>";
		};
		D453354F1D9ADBEF0043E499 /* Products */ = {
			isa = PBXGroup;
			children = (
				D453354E1D9ADBEF0043E499 /* Demo.app */,
				D45335621D9ADBEF0043E499 /* DemoTests.xctest */,
				D453356D1D9ADBEF0043E499 /* DemoUITests.xctest */,
			);
			name = Products;
			sourceTree = "<group>";
		};
		D45335501D9ADBEF0043E499 /* Demo */ = {
			isa = PBXGroup;
			children = (
				D45335511D9ADBEF0043E499 /* AppDelegate.swift */,
				D45335531D9ADBEF0043E499 /* ViewController.swift */,
				D45335551D9ADBEF0043E499 /* Main.storyboard */,
				D45335581D9ADBEF0043E499 /* Assets.xcassets */,
				D453355A1D9ADBEF0043E499 /* LaunchScreen.storyboard */,
				D453355D1D9ADBEF0043E499 /* Info.plist */,
			);
			path = Demo;
			sourceTree = "<group>";
		};
		D45335651D9ADBEF0043E499 /* DemoTests */ = {
			isa = PBXGroup;
			children = (
				D45335661D9ADBEF0043E499 /* DemoTests.swift */,
				D45335681D9ADBEF0043E499 /* Info.plist */,
			);
			path = DemoTests;
			sourceTree = "<group>";
		};
		D45335701D9ADBEF0043E499 /* DemoUITests */ = {
			isa = PBXGroup;
			children = (
				D45335711D9ADBEF0043E499 /* DemoUITests.swift */,
				D45335731D9ADBEF0043E499 /* Info.plist */,
			);
			path = DemoUITests;
			sourceTree = "<group>";
		};
/* End PBXGroup section */

/* Begin PBXNativeTarget section */
		D453354D1D9ADBEF0043E499 /* Demo */ = {
			isa = PBXNativeTarget;
			buildConfigurationList = D45335761D9ADBEF0043E499 /* Build configuration list for PBXNativeTarget "Demo" */;
			buildPhases = (
				D453354A1D9ADBEF0043E499 /* Sources */,
				D453354B1D9ADBEF0043E499 /* Frameworks */,
				D453354C1D9ADBEF0043E499 /* Resources */,
			);
			buildRules = (
			);
			dependencies = (
			);
			name = Demo;
			productName = Demo;
			productReference = D453354E1D9ADBEF0043E499 /* Demo.app */;
			productType = "com.apple.product-type.application";
		};
		D45335611D9ADBEF0043E499 /* DemoTests */ = {
			isa = PBXNativeTarget;
			buildConfigurationList = D45335791D9ADBEF0043E499 /* Build configuration list for PBXNativeTarget "DemoTests" */;
			buildPhases = (
				D453355E1D9ADBEF0043E499 /* Sources */,
				D453355F1D9ADBEF0043E499 /* Frameworks */,
				D45335601D9ADBEF0043E499 /* Resources */,
			);
			buildRules = (
			);
			dependencies = (
				D45335641D9ADBEF0043E499 /* PBXTargetDependency */,
			);
			name = DemoTests;
			productName = DemoTests;
			productReference = D45335621D9ADBEF0043E499 /* DemoTests.xctest */;
			productType = "com.apple.product-type.bundle.unit-test";
		};
		D453356C1D9ADBEF0043E499 /* DemoUITests */ = {
			isa = PBXNativeTarget;
			buildConfigurationList = D453357C1D9ADBEF0043E499 /* Build configuration list for PBXNativeTarget "DemoUITests" */;
			buildPhases = (
				D45335691D9ADBEF0043E499 /* Sources */,
				D453356A1D9ADBEF0043E499 /* Frameworks */,
				D453356B1D9ADBEF0043E499 /* Resources */,
			);
			buildRules = (
			);
			dependencies = (
				D453356F1D9ADBEF0043E499 /* PBXTargetDependency */,
			);
			name = DemoUITests;
			productName = DemoUITests;
			productReference = D453356D1D9ADBEF0043E499 /* DemoUITests.xctest */;
			productType = "com.apple.product-type.bundle.ui-testing";
		};
/* End PBXNativeTarget section */

/* Begin PBXProject section */
		D45335461D9ADBEF0043E499 /* Project object */ = {
			isa = PBXProject;
			attributes = {
				LastSwiftUpdateCheck = 0730;
				LastUpgradeCheck = 0730;
				ORGANIZATIONNAME = "Jinsei Shima";
				TargetAttributes = {
					D453354D1D9ADBEF0043E499 = {
						CreatedOnToolsVersion = 7.3.1;
					};
					D45335611D9ADBEF0043E499 = {
						CreatedOnToolsVersion = 7.3.1;
						TestTargetID = D453354D1D9ADBEF0043E499;
					};
					D453356C1D9ADBEF0043E499 = {
						CreatedOnToolsVersion = 7.3.1;
						TestTargetID = D453354D1D9ADBEF0043E499;
					};
				};
			};
			buildConfigurationList = D45335491D9ADBEF0043E499 /* Build configuration list for PBXProject "Demo" */;
			compatibilityVersion = "Xcode 3.2";
			developmentRegion = English;
			hasScannedForEncodings = 0;
			knownRegions = (
				en,
				Base,
			);
			mainGroup = D45335451D9ADBEF0043E499;
			productRefGroup = D453354F1D9ADBEF0043E499 /* Products */;
			projectDirPath = "";
			projectRoot = "";
			targets = (
				D453354D1D9ADBEF0043E499 /* Demo */,
				D45335611D9ADBEF0043E499 /* DemoTests */,
				D453356C1D9ADBEF0043E499 /* DemoUITests */,
			);
		};
/* End PBXProject section */

/* Begin PBXResourcesBuildPhase section */
		D453354C1D9ADBEF0043E499 /* Resources */ = {
			isa = PBXResourcesBuildPhase;
			buildActionMask = 2147483647;
			files = (
				D453355C1D9ADBEF0043E499 /* LaunchScreen.storyboard in Resources */,
				D45335591D9ADBEF0043E499 /* Assets.xcassets in Resources */,
				D45335571D9ADBEF0043E499 /* Main.storyboard in Resources */,
			);
			runOnlyForDeploymentPostprocessing = 0;
		};
		D45335601D9ADBEF0043E499 /* Resources */ = {
			isa = PBXResourcesBuildPhase;
			buildActionMask = 2147483647;
			files = (
			);
			runOnlyForDeploymentPostprocessing = 0;
		};
		D453356B1D9ADBEF0043E499 /* Resources */ = {
			isa = PBXResourcesBuildPhase;
			buildActionMask = 2147483647;
			files = (
			);
			runOnlyForDeploymentPostprocessing = 0;
		};
/* End PBXResourcesBuildPhase section */

/* Begin PBXSourcesBuildPhase section */
		D453354A1D9ADBEF0043E499 /* Sources */ = {
			isa = PBXSourcesBuildPhase;
			buildActionMask = 2147483647;
			files = (
				D45335541D9ADBEF0043E499 /* ViewController.swift in Sources */,
				D45335521D9ADBEF0043E499 /* AppDelegate.swift in Sources */,
			);
			runOnlyForDeploymentPostprocessing = 0;
		};
		D453355E1D9ADBEF0043E499 /* Sources */ = {
			isa = PBXSourcesBuildPhase;
			buildActionMask = 2147483647;
			files = (
				D45335671D9ADBEF0043E499 /* DemoTests.swift in Sources */,
			);
			runOnlyForDeploymentPostprocessing = 0;
		};
		D45335691D9ADBEF0043E499 /* Sources */ = {
			isa = PBXSourcesBuildPhase;
			buildActionMask = 2147483647;
			files = (
				D45335721D9ADBEF0043E499 /* DemoUITests.swift in Sources */,
			);
			runOnlyForDeploymentPostprocessing = 0;
		};
/* End PBXSourcesBuildPhase section */

/* Begin PBXTargetDependency section */
		D45335641D9ADBEF0043E499 /* PBXTargetDependency */ = {
			isa = PBXTargetDependency;
			target = D453354D1D9ADBEF0043E499 /* Demo */;
			targetProxy = D45335631D9ADBEF0043E499 /* PBXContainerItemProxy */;
		};
		D453356F1D9ADBEF0043E499 /* PBXTargetDependency */ = {
			isa = PBXTargetDependency;
			target = D453354D1D9ADBEF0043E499 /* Demo */;
			targetProxy = D453356E1D9ADBEF0043E499 /* PBXContainerItemProxy */;
		};
/* End PBXTargetDependency section */

/* Begin PBXVariantGroup section */
		D45335551D9ADBEF0043E499 /* Main.storyboard */ = {
			isa = PBXVariantGroup;
			children = (
				D45335561D9ADBEF0043E499 /* Base */,
			);
			name = Main.storyboard;
			sourceTree = "<group>";
		};
		D453355A1D9ADBEF0043E499 /* LaunchScreen.storyboard */ = {
			isa = PBXVariantGroup;
			children = (
				D453355B1D9ADBEF0043E499 /* Base */,
			);
			name = LaunchScreen.storyboard;
			sourceTree = "<group>";
		};
/* End PBXVariantGroup section */

/* Begin XCBuildConfiguration section */
		D45335741D9ADBEF0043E499 /* Debug */ = {
			isa = XCBuildConfiguration;
			buildSettings = {
				ALWAYS_SEARCH_USER_PATHS = NO;
				CLANG_ANALYZER_NONNULL = YES;
				CLANG_CXX_LANGUAGE_STANDARD = "gnu++0x";
				CLANG_CXX_LIBRARY = "libc++";
				CLANG_ENABLE_MODULES = YES;
				CLANG_ENABLE_OBJC_ARC = YES;
				CLANG_WARN_BOOL_CONVERSION = YES;
				CLANG_WARN_CONSTANT_CONVERSION = YES;
				CLANG_WARN_DIRECT_OBJC_ISA_USAGE = YES_ERROR;
				CLANG_WARN_EMPTY_BODY = YES;
				CLANG_WARN_ENUM_CONVERSION = YES;
				CLANG_WARN_INT_CONVERSION = YES;
				CLANG_WARN_OBJC_ROOT_CLASS = YES_ERROR;
				CLANG_WARN_UNREACHABLE_CODE = YES;
				CLANG_WARN__DUPLICATE_METHOD_MATCH = YES;
				"CODE_SIGN_IDENTITY[sdk=iphoneos*]" = "iPhone Developer";
				COPY_PHASE_STRIP = NO;
				DEBUG_INFORMATION_FORMAT = dwarf;
				ENABLE_STRICT_OBJC_MSGSEND = YES;
				ENABLE_TESTABILITY = YES;
				GCC_C_LANGUAGE_STANDARD = gnu99;
				GCC_DYNAMIC_NO_PIC = NO;
				GCC_NO_COMMON_BLOCKS = YES;
				GCC_OPTIMIZATION_LEVEL = 0;
				GCC_PREPROCESSOR_DEFINITIONS = (
					"DEBUG=1",
					"$(inherited)",
				);
				GCC_WARN_64_TO_32_BIT_CONVERSION = YES;
				GCC_WARN_ABOUT_RETURN_TYPE = YES_ERROR;
				GCC_WARN_UNDECLARED_SELECTOR = YES;
				GCC_WARN_UNINITIALIZED_AUTOS = YES_AGGRESSIVE;
				GCC_WARN_UNUSED_FUNCTION = YES;
				GCC_WARN_UNUSED_VARIABLE = YES;
				IPHONEOS_DEPLOYMENT_TARGET = 9.3;
				MTL_ENABLE_DEBUG_INFO = YES;
				ONLY_ACTIVE_ARCH = YES;
				SDKROOT = iphoneos;
				SWIFT_OPTIMIZATION_LEVEL = "-Onone";
				TARGETED_DEVICE_FAMILY = "1,2";
			};
			name = Debug;
		};
		D45335751D9ADBEF0043E499 /* Release */ = {
			isa = XCBuildConfiguration;
			buildSettings = {
				ALWAYS_SEARCH_USER_PATHS = NO;
				CLANG_ANALYZER_NONNULL = YES;
				CLANG_CXX_LANGUAGE_STANDARD = "gnu++0x";
				CLANG_CXX_LIBRARY = "libc++";
				CLANG_ENABLE_MODULES = YES;
				CLANG_ENABLE_OBJC_ARC = YES;
				CLANG_WARN_BOOL_CONVERSION = YES;
				CLANG_WARN_CONSTANT_CONVERSION = YES;
				CLANG_WARN_DIRECT_OBJC_ISA_USAGE = YES_ERROR;
				CLANG_WARN_EMPTY_BODY = YES;
				CLANG_WARN_ENUM_CONVERSION = YES;
				CLANG_WARN_INT_CONVERSION = YES;
				CLANG_WARN_OBJC_ROOT_CLASS = YES_ERROR;
				CLANG_WARN_UNREACHABLE_CODE = YES;
				CLANG_WARN__DUPLICATE_METHOD_MATCH = YES;
				"CODE_SIGN_IDENTITY[sdk=iphoneos*]" = "iPhone Developer";
				COPY_PHASE_STRIP = NO;
				DEBUG_INFORMATION_FORMAT = "dwarf-with-dsym";
				ENABLE_NS_ASSERTIONS = NO;
				ENABLE_STRICT_OBJC_MSGSEND = YES;
				GCC_C_LANGUAGE_STANDARD = gnu99;
				GCC_NO_COMMON_BLOCKS = YES;
				GCC_WARN_64_TO_32_BIT_CONVERSION = YES;
				GCC_WARN_ABOUT_RETURN_TYPE = YES_ERROR;
				GCC_WARN_UNDECLARED_SELECTOR = YES;
				GCC_WARN_UNINITIALIZED_AUTOS = YES_AGGRESSIVE;
				GCC_WARN_UNUSED_FUNCTION = YES;
				GCC_WARN_UNUSED_VARIABLE = YES;
				IPHONEOS_DEPLOYMENT_TARGET = 9.3;
				MTL_ENABLE_DEBUG_INFO = NO;
				SDKROOT = iphoneos;
				TARGETED_DEVICE_FAMILY = "1,2";
				VALIDATE_PRODUCT = YES;
			};
			name = Release;
		};
		D45335771D9ADBEF0043E499 /* Debug */ = {
			isa = XCBuildConfiguration;
			buildSettings = {
				ASSETCATALOG_COMPILER_APPICON_NAME = AppIcon;
				FRAMEWORK_SEARCH_PATHS = "$(PROJECT_DIR)";
				INFOPLIST_FILE = Demo/Info.plist;
				LD_RUNPATH_SEARCH_PATHS = "$(inherited) @executable_path/Frameworks";
				PRODUCT_BUNDLE_IDENTIFIER = com.shimaApps.Demo;
				PRODUCT_NAME = "$(TARGET_NAME)";
			};
			name = Debug;
		};
		D45335781D9ADBEF0043E499 /* Release */ = {
			isa = XCBuildConfiguration;
			buildSettings = {
				ASSETCATALOG_COMPILER_APPICON_NAME = AppIcon;
				FRAMEWORK_SEARCH_PATHS = "$(PROJECT_DIR)";
				INFOPLIST_FILE = Demo/Info.plist;
				LD_RUNPATH_SEARCH_PATHS = "$(inherited) @executable_path/Frameworks";
				PRODUCT_BUNDLE_IDENTIFIER = com.shimaApps.Demo;
				PRODUCT_NAME = "$(TARGET_NAME)";
			};
			name = Release;
		};
		D453357A1D9ADBEF0043E499 /* Debug */ = {
			isa = XCBuildConfiguration;
			buildSettings = {
				BUNDLE_LOADER = "$(TEST_HOST)";
				INFOPLIST_FILE = DemoTests/Info.plist;
				LD_RUNPATH_SEARCH_PATHS = "$(inherited) @executable_path/Frameworks @loader_path/Frameworks";
				PRODUCT_BUNDLE_IDENTIFIER = com.shimaApps.DemoTests;
				PRODUCT_NAME = "$(TARGET_NAME)";
				TEST_HOST = "$(BUILT_PRODUCTS_DIR)/Demo.app/Demo";
			};
			name = Debug;
		};
		D453357B1D9ADBEF0043E499 /* Release */ = {
			isa = XCBuildConfiguration;
			buildSettings = {
				BUNDLE_LOADER = "$(TEST_HOST)";
				INFOPLIST_FILE = DemoTests/Info.plist;
				LD_RUNPATH_SEARCH_PATHS = "$(inherited) @executable_path/Frameworks @loader_path/Frameworks";
				PRODUCT_BUNDLE_IDENTIFIER = com.shimaApps.DemoTests;
				PRODUCT_NAME = "$(TARGET_NAME)";
				TEST_HOST = "$(BUILT_PRODUCTS_DIR)/Demo.app/Demo";
			};
			name = Release;
		};
		D453357D1D9ADBEF0043E499 /* Debug */ = {
			isa = XCBuildConfiguration;
			buildSettings = {
				INFOPLIST_FILE = DemoUITests/Info.plist;
				LD_RUNPATH_SEARCH_PATHS = "$(inherited) @executable_path/Frameworks @loader_path/Frameworks";
				PRODUCT_BUNDLE_IDENTIFIER = com.shimaApps.DemoUITests;
				PRODUCT_NAME = "$(TARGET_NAME)";
				TEST_TARGET_NAME = Demo;
			};
			name = Debug;
		};
		D453357E1D9ADBEF0043E499 /* Release */ = {
			isa = XCBuildConfiguration;
			buildSettings = {
				INFOPLIST_FILE = DemoUITests/Info.plist;
				LD_RUNPATH_SEARCH_PATHS = "$(inherited) @executable_path/Frameworks @loader_path/Frameworks";
				PRODUCT_BUNDLE_IDENTIFIER = com.shimaApps.DemoUITests;
				PRODUCT_NAME = "$(TARGET_NAME)";
				TEST_TARGET_NAME = Demo;
			};
			name = Release;
		};
/* End XCBuildConfiguration section */

/* Begin XCConfigurationList section */
		D45335491D9ADBEF0043E499 /* Build configuration list for PBXProject "Demo" */ = {
			isa = XCConfigurationList;
			buildConfigurations = (
				D45335741D9ADBEF0043E499 /* Debug */,
				D45335751D9ADBEF0043E499 /* Release */,
			);
			defaultConfigurationIsVisible = 0;
			defaultConfigurationName = Release;
		};
		D45335761D9ADBEF0043E499 /* Build configuration list for PBXNativeTarget "Demo" */ = {
			isa = XCConfigurationList;
			buildConfigurations = (
				D45335771D9ADBEF0043E499 /* Debug */,
				D45335781D9ADBEF0043E499 /* Release */,
			);
			defaultConfigurationIsVisible = 0;
			defaultConfigurationName = Release;
		};
		D45335791D9ADBEF0043E499 /* Build configuration list for PBXNativeTarget "DemoTests" */ = {
			isa = XCConfigurationList;
			buildConfigurations = (
				D453357A1D9ADBEF0043E499 /* Debug */,
				D453357B1D9ADBEF0043E499 /* Release */,
			);
			defaultConfigurationIsVisible = 0;
			defaultConfigurationName = Release;
		};
		D453357C1D9ADBEF0043E499 /* Build configuration list for PBXNativeTarget "DemoUITests" */ = {
			isa = XCConfigurationList;
			buildConfigurations = (
				D453357D1D9ADBEF0043E499 /* Debug */,
				D453357E1D9ADBEF0043E499 /* Release */,
			);
			defaultConfigurationIsVisible = 0;
			defaultConfigurationName = Release;
		};
/* End XCConfigurationList section */
	};
	rootObject = D45335461D9ADBEF0043E499 /* Project object */;
}
